# This file is autogenerated, do not edit; changes may be undone by the next 'dep ensure'.


[[projects]]
  branch = "master"
  digest = "1:9b7b5f3659e8eab4cea299d83519562bcba24fa6ccfbb59990b5d97542a19ce0"
  name = "gonum.org/v1/gonum"
  packages = [
    "blas",
    "blas/blas64",
    "blas/gonum",
    "floats",
    "internal/asm/c128",
    "internal/asm/f32",
    "internal/asm/f64",
    "internal/math32",
    "lapack",
    "lapack/gonum",
    "lapack/lapack64",
    "mat",
  ]
  pruneopts = "UT"
  revision = "d9936c37d4be019d7a9c56525078beb0bceb90e8"

[solve-meta]
  analyzer-name = "dep"
  analyzer-version = 1
  input-imports = ["gonum.org/v1/gonum/mat"]
  solver-name = "gps-cdcl"
  solver-version = 1
